// !$*UTF8*$!
{
	archiveVersion = 1;
	classes = {
	};
	objectVersion = 77;
	objects = {

/* Begin PBXContainerItemProxy section */
		B755BF532EED018C00C9EDAD /* PBXContainerItemProxy */ = {
			isa = PBXContainerItemProxy;
			containerPortal = B755BF0F2EEC9E6800C9EDAD /* Project object */;
			proxyType = 1;
			remoteGlobalIDString = B755BF162EEC9E6800C9EDAD;
			remoteInfo = FoodPanda;
		};
/* End PBXContainerItemProxy section */

/* Begin PBXFileReference section */
		B755BF172EEC9E6800C9EDAD /* FoodPanda.app */ = {isa = PBXFileReference; explicitFileType = wrapper.application; includeInIndex = 0; path = FoodPanda.app; sourceTree = BUILT_PRODUCTS_DIR; };
		B755BF4F2EED018C00C9EDAD /* FoodPandaTests.xctest */ = {isa = PBXFileReference; explicitFileType = wrapper.cfbundle; includeInIndex = 0; path = FoodPandaTests.xctest; sourceTree = BUILT_PRODUCTS_DIR; };
/* End PBXFileReference section */

/* Begin PBXFileSystemSynchronizedRootGroup section */
		B755BF192EEC9E6800C9EDAD /* FoodPanda */ = {
			isa = PBXFileSystemSynchronizedRootGroup;
			path = FoodPanda;
			sourceTree = "<group>";
		};
		B755BF502EED018C00C9EDAD /* FoodPandaTests */ = {
			isa = PBXFileSystemSynchronizedRootGroup;
			path = FoodPandaTests;
			sourceTree = "<group>";
		};
/* End PBXFileSystemSynchronizedRootGroup section */

/* Begin PBXFrameworksBuildPhase section */
		B755BF142EEC9E6800C9EDAD /* Frameworks */ = {
			isa = PBXFrameworksBuildPhase;
			buildActionMask = 2147483647;
			files = (
			);
			runOnlyForDeploymentPostprocessing = 0;
		};
		B755BF4C2EED018C00C9EDAD /* Frameworks */ = {
			isa = PBXFrameworksBuildPhase;
			buildActionMask = 2147483647;
			files = (
			);
			runOnlyForDeploymentPostprocessing = 0;
		};
/* End PBXFrameworksBuildPhase section */

/* Begin PBXGroup section */
		B755BF0E2EEC9E6800C9EDAD = {
			isa = PBXGroup;
			children = (
				B755BF192EEC9E6800C9EDAD /* FoodPanda */,
				B755BF502EED018C00C9EDAD /* FoodPandaTests */,
				B755BF182EEC9E6800C9EDAD /* Products */,
			);
			sourceTree = "<group>";
		};
		B755BF182EEC9E6800C9EDAD /* Products */ = {
			isa = PBXGroup;
			children = (
				B755BF172EEC9E6800C9EDAD /* FoodPanda.app */,
				B755BF4F2EED018C00C9EDAD /* FoodPandaTests.xctest */,
			);
			name = Products;
			sourceTree = "<group>";
		};
/* End PBXGroup section */

/* Begin PBXNativeTarget section */
		B755BF162EEC9E6800C9EDAD /* FoodPanda */ = {
			isa = PBXNativeTarget;
			buildConfigurationList = B755BF222EEC9E6900C9EDAD /* Build configuration list for PBXNativeTarget "FoodPanda" */;
			buildPhases = (
				B755BF132EEC9E6800C9EDAD /* Sources */,
				B755BF142EEC9E6800C9EDAD /* Frameworks */,
				B755BF152EEC9E6800C9EDAD /* Resources */,
			);
			buildRules = (
			);
			dependencies = (
			);
			fileSystemSynchronizedGroups = (
				B755BF192EEC9E6800C9EDAD /* FoodPanda */,
			);
			name = FoodPanda;
			packageProductDependencies = (
			);
			productName = FoodPanda;
			productReference = B755BF172EEC9E6800C9EDAD /* FoodPanda.app */;
			productType = "com.apple.product-type.application";
		};
		B755BF4E2EED018C00C9EDAD /* FoodPandaTests */ = {
			isa = PBXNativeTarget;
			buildConfigurationList = B755BF552EED018C00C9EDAD /* Build configuration list for PBXNativeTarget "FoodPandaTests" */;
			buildPhases = (
				B755BF4B2EED018C00C9EDAD /* Sources */,
				B755BF4C2EED018C00C9EDAD /* Frameworks */,
				B755BF4D2EED018C00C9EDAD /* Resources */,
			);
			buildRules = (
			);
			dependencies = (
				B755BF542EED018C00C9EDAD /* PBXTargetDependency */,
			);
			fileSystemSynchronizedGroups = (
				B755BF502EED018C00C9EDAD /* FoodPandaTests */,
			);
			name = FoodPandaTests;
			packageProductDependencies = (
			);
			productName = FoodPandaTests;
			productReference = B755BF4F2EED018C00C9EDAD /* FoodPandaTests.xctest */;
			productType = "com.apple.product-type.bundle.unit-test";
		};
/* End PBXNativeTarget section */

/* Begin PBXProject section */
		B755BF0F2EEC9E6800C9EDAD /* Project object */ = {
			isa = PBXProject;
			attributes = {
				BuildIndependentTargetsInParallel = 1;
				LastSwiftUpdateCheck = 2600;
				LastUpgradeCheck = 2600;
				TargetAttributes = {
					B755BF162EEC9E6800C9EDAD = {
						CreatedOnToolsVersion = 26.0.1;
					};
					B755BF4E2EED018C00C9EDAD = {
						CreatedOnToolsVersion = 26.0.1;
						TestTargetID = B755BF162EEC9E6800C9EDAD;
					};
				};
			};
			buildConfigurationList = B755BF122EEC9E6800C9EDAD /* Build configuration list for PBXProject "FoodPanda" */;
			developmentRegion = en;
			hasScannedForEncodings = 0;
			knownRegions = (
				en,
				Base,
			);
			mainGroup = B755BF0E2EEC9E6800C9EDAD;
			minimizedProjectReferenceProxies = 1;
			preferredProjectObjectVersion = 77;
			productRefGroup = B755BF182EEC9E6800C9EDAD /* Products */;
			projectDirPath = "";
			projectRoot = "";
			targets = (
				B755BF162EEC9E6800C9EDAD /* FoodPanda */,
				B755BF4E2EED018C00C9EDAD /* FoodPandaTests */,
			);
		};
/* End PBXProject section */

/* Begin PBXResourcesBuildPhase section */
		B755BF152EEC9E6800C9EDAD /* Resources */ = {
			isa = PBXResourcesBuildPhase;
			buildActionMask = 2147483647;
			files = (
			);
			runOnlyForDeploymentPostprocessing = 0;
		};
		B755BF4D2EED018C00C9EDAD /* Resources */ = {
			isa = PBXResourcesBuildPhase;
			buildActionMask = 2147483647;
			files = (
			);
			runOnlyForDeploymentPostprocessing = 0;
		};
/* End PBXResourcesBuildPhase section */

/* Begin PBXSourcesBuildPhase section */
		B755BF132EEC9E6800C9EDAD /* Sources */ = {
			isa = PBXSourcesBuildPhase;
			buildActionMask = 2147483647;
			files = (
			);
			runOnlyForDeploymentPostprocessing = 0;
		};
		B755BF4B2EED018C00C9EDAD /* Sources */ = {
			isa = PBXSourcesBuildPhase;
			buildActionMask = 2147483647;
			files = (
			);
			runOnlyForDeploymentPostprocessing = 0;
		};
/* End PBXSourcesBuildPhase section */

/* Begin PBXTargetDependency section */
		B755BF542EED018C00C9EDAD /* PBXTargetDependency */ = {
			isa = PBXTargetDependency;
			target = B755BF162EEC9E6800C9EDAD /* FoodPanda */;
			targetProxy = B755BF532EED018C00C9EDAD /* PBXContainerItemProxy */;
		};
/* End PBXTargetDependency section */

/* Begin XCBuildConfiguration section */
		B755BF202EEC9E6900C9EDAD /* Debug */ = {
			isa = XCBuildConfiguration;
			buildSettings = {
				ALWAYS_SEARCH_USER_PATHS = NO;
				ASSETCATALOG_COMPILER_GENERATE_SWIFT_ASSET_SYMBOL_EXTENSIONS = YES;
				CLANG_ANALYZER_NONNULL = YES;
				CLANG_ANALYZER_NUMBER_OBJECT_CONVERSION = YES_AGGRESSIVE;
				CLANG_CXX_LANGUAGE_STANDARD = "gnu++20";
				CLANG_ENABLE_MODULES = YES;
				CLANG_ENABLE_OBJC_ARC = YES;
				CLANG_ENABLE_OBJC_WEAK = YES;
				CLANG_WARN_BLOCK_CAPTURE_AUTORELEASING = YES;
				CLANG_WARN_BOOL_CONVERSION = YES;
				CLANG_WARN_COMMA = YES;
				CLANG_WARN_CONSTANT_CONVERSION = YES;
				CLANG_WARN_DEPRECATED_OBJC_IMPLEMENTATIONS = YES;
				CLANG_WARN_DIRECT_OBJC_ISA_USAGE = YES_ERROR;
				CLANG_WARN_DOCUMENTATION_COMMENTS = YES;
				CLANG_WARN_EMPTY_BODY = YES;
				CLANG_WARN_ENUM_CONVERSION = YES;
				CLANG_WARN_INFINITE_RECURSION = YES;
				CLANG_WARN_INT_CONVERSION = YES;
				CLANG_WARN_NON_LITERAL_NULL_CONVERSION = YES;
				CLANG_WARN_OBJC_IMPLICIT_RETAIN_SELF = YES;
				CLANG_WARN_OBJC_LITERAL_CONVERSION = YES;
				CLANG_WARN_OBJC_ROOT_CLASS = YES_ERROR;
				CLANG_WARN_QUOTED_INCLUDE_IN_FRAMEWORK_HEADER = YES;
				CLANG_WARN_RANGE_LOOP_ANALYSIS = YES;
				CLANG_WARN_STRICT_PROTOTYPES = YES;
				CLANG_WARN_SUSPICIOUS_MOVE = YES;
				CLANG_WARN_UNGUARDED_AVAILABILITY = YES_AGGRESSIVE;
				CLANG_WARN_UNREACHABLE_CODE = YES;
				CLANG_WARN__DUPLICATE_METHOD_MATCH = YES;
				COPY_PHASE_STRIP = NO;
				DEBUG_INFORMATION_FORMAT = dwarf;
				ENABLE_STRICT_OBJC_MSGSEND = YES;
				ENABLE_TESTABILITY = YES;
				ENABLE_USER_SCRIPT_SANDBOXING = YES;
				GCC_C_LANGUAGE_STANDARD = gnu17;
				GCC_DYNAMIC_NO_PIC = NO;
				GCC_NO_COMMON_BLOCKS = YES;
				GCC_OPTIMIZATION_LEVEL = 0;
				GCC_PREPROCESSOR_DEFINITIONS = (
					"DEBUG=1",
					"$(inherited)",
				);
				GCC_WARN_64_TO_32_BIT_CONVERSION = YES;
				GCC_WARN_ABOUT_RETURN_TYPE = YES_ERROR;
				GCC_WARN_UNDECLARED_SELECTOR = YES;
				GCC_WARN_UNINITIALIZED_AUTOS = YES_AGGRESSIVE;
				GCC_WARN_UNUSED_FUNCTION = YES;
				GCC_WARN_UNUSED_VARIABLE = YES;
				LOCALIZATION_PREFERS_STRING_CATALOGS = YES;
				MTL_ENABLE_DEBUG_INFO = INCLUDE_SOURCE;
				MTL_FAST_MATH = YES;
				ONLY_ACTIVE_ARCH = YES;
				SWIFT_ACTIVE_COMPILATION_CONDITIONS = "DEBUG $(inherited)";
				SWIFT_OPTIMIZATION_LEVEL = "-Onone";
			};
			name = Debug;
		};
		B755BF212EEC9E6900C9EDAD /* Release */ = {
			isa = XCBuildConfiguration;
			buildSettings = {
				ALWAYS_SEARCH_USER_PATHS = NO;
				ASSETCATALOG_COMPILER_GENERATE_SWIFT_ASSET_SYMBOL_EXTENSIONS = YES;
				CLANG_ANALYZER_NONNULL = YES;
				CLANG_ANALYZER_NUMBER_OBJECT_CONVERSION = YES_AGGRESSIVE;
				CLANG_CXX_LANGUAGE_STANDARD = "gnu++20";
				CLANG_ENABLE_MODULES = YES;
				CLANG_ENABLE_OBJC_ARC = YES;
				CLANG_ENABLE_OBJC_WEAK = YES;
				CLANG_WARN_BLOCK_CAPTURE_AUTORELEASING = YES;
				CLANG_WARN_BOOL_CONVERSION = YES;
				CLANG_WARN_COMMA = YES;
				CLANG_WARN_CONSTANT_CONVERSION = YES;
				CLANG_WARN_DEPRECATED_OBJC_IMPLEMENTATIONS = YES;
				CLANG_WARN_DIRECT_OBJC_ISA_USAGE = YES_ERROR;
				CLANG_WARN_DOCUMENTATION_COMMENTS = YES;
				CLANG_WARN_EMPTY_BODY = YES;
				CLANG_WARN_ENUM_CONVERSION = YES;
				CLANG_WARN_INFINITE_RECURSION = YES;
				CLANG_WARN_INT_CONVERSION = YES;
				CLANG_WARN_NON_LITERAL_NULL_CONVERSION = YES;
				CLANG_WARN_OBJC_IMPLICIT_RETAIN_SELF = YES;
				CLANG_WARN_OBJC_LITERAL_CONVERSION = YES;
				CLANG_WARN_OBJC_ROOT_CLASS = YES_ERROR;
				CLANG_WARN_QUOTED_INCLUDE_IN_FRAMEWORK_HEADER = YES;
				CLANG_WARN_RANGE_LOOP_ANALYSIS = YES;
				CLANG_WARN_STRICT_PROTOTYPES = YES;
				CLANG_WARN_SUSPICIOUS_MOVE = YES;
				CLANG_WARN_UNGUARDED_AVAILABILITY = YES_AGGRESSIVE;
				CLANG_WARN_UNREACHABLE_CODE = YES;
				CLANG_WARN__DUPLICATE_METHOD_MATCH = YES;
				COPY_PHASE_STRIP = NO;
				DEBUG_INFORMATION_FORMAT = "dwarf-with-dsym";
				ENABLE_NS_ASSERTIONS = NO;
				ENABLE_STRICT_OBJC_MSGSEND = YES;
				ENABLE_USER_SCRIPT_SANDBOXING = YES;
				GCC_C_LANGUAGE_STANDARD = gnu17;
				GCC_NO_COMMON_BLOCKS = YES;
				GCC_WARN_64_TO_32_BIT_CONVERSION = YES;
				GCC_WARN_ABOUT_RETURN_TYPE = YES_ERROR;
				GCC_WARN_UNDECLARED_SELECTOR = YES;
				GCC_WARN_UNINITIALIZED_AUTOS = YES_AGGRESSIVE;
				GCC_WARN_UNUSED_FUNCTION = YES;
				GCC_WARN_UNUSED_VARIABLE = YES;
				LOCALIZATION_PREFERS_STRING_CATALOGS = YES;
				MTL_ENABLE_DEBUG_INFO = NO;
				MTL_FAST_MATH = YES;
				SWIFT_COMPILATION_MODE = wholemodule;
			};
			name = Release;
		};
		B755BF232EEC9E6900C9EDAD /* Debug */ = {
			isa = XCBuildConfiguration;
			buildSettings = {
				ASSETCATALOG_COMPILER_APPICON_NAME = AppIcon;
				ASSETCATALOG_COMPILER_GLOBAL_ACCENT_COLOR_NAME = AccentColor;
				CODE_SIGN_STYLE = Automatic;
				CURRENT_PROJECT_VERSION = 1;
				ENABLE_APP_SANDBOX = YES;
				ENABLE_PREVIEWS = YES;
				ENABLE_USER_SELECTED_FILES = readonly;
				GENERATE_INFOPLIST_FILE = YES;
				"INFOPLIST_KEY_UIApplicationSceneManifest_Generation[sdk=iphoneos*]" = YES;
				"INFOPLIST_KEY_UIApplicationSceneManifest_Generation[sdk=iphonesimulator*]" = YES;
				"INFOPLIST_KEY_UIApplicationSupportsIndirectInputEvents[sdk=iphoneos*]" = YES;
				"INFOPLIST_KEY_UIApplicationSupportsIndirectInputEvents[sdk=iphonesimulator*]" = YES;
				"INFOPLIST_KEY_UILaunchScreen_Generation[sdk=iphoneos*]" = YES;
				"INFOPLIST_KEY_UILaunchScreen_Generation[sdk=iphonesimulator*]" = YES;
				"INFOPLIST_KEY_UIStatusBarStyle[sdk=iphoneos*]" = UIStatusBarStyleDefault;
				"INFOPLIST_KEY_UIStatusBarStyle[sdk=iphonesimulator*]" = UIStatusBarStyleDefault;
				INFOPLIST_KEY_UISupportedInterfaceOrientations_iPad = "UIInterfaceOrientationPortrait UIInterfaceOrientationPortraitUpsideDown UIInterfaceOrientationLandscapeLeft UIInterfaceOrientationLandscapeRight";
				INFOPLIST_KEY_UISupportedInterfaceOrientations_iPhone = "UIInterfaceOrientationPortrait UIInterfaceOrientationLandscapeLeft UIInterfaceOrientationLandscapeRight";
				IPHONEOS_DEPLOYMENT_TARGET = 26.0;
				LD_RUNPATH_SEARCH_PATHS = "@executable_path/Frameworks";
				"LD_RUNPATH_SEARCH_PATHS[sdk=macosx*]" = "@executable_path/../Frameworks";
				MACOSX_DEPLOYMENT_TARGET = 15.6;
				MARKETING_VERSION = 1.0;
				PRODUCT_BUNDLE_IDENTIFIER = example.com.FoodPanda;
				PRODUCT_NAME = "$(TARGET_NAME)";
				REGISTER_APP_GROUPS = YES;
				SDKROOT = auto;
				STRING_CATALOG_GENERATE_SYMBOLS = YES;
				SUPPORTED_PLATFORMS = "iphoneos iphonesimulator macosx xros xrsimulator";
				SWIFT_APPROACHABLE_CONCURRENCY = YES;
				SWIFT_DEFAULT_ACTOR_ISOLATION = MainActor;
				SWIFT_EMIT_LOC_STRINGS = YES;
				SWIFT_UPCOMING_FEATURE_MEMBER_IMPORT_VISIBILITY = YES;
				SWIFT_VERSION = 5.0;
				TARGETED_DEVICE_FAMILY = "1,2,7";
				XROS_DEPLOYMENT_TARGET = 26.0;
			};
			name = Debug;
		};
		B755BF242EEC9E6900C9EDAD /* Release */ = {
			isa = XCBuildConfiguration;
			buildSettings = {
				ASSETCATALOG_COMPILER_APPICON_NAME = AppIcon;
				ASSETCATALOG_COMPILER_GLOBAL_ACCENT_COLOR_NAME = AccentColor;
				CODE_SIGN_STYLE = Automatic;
				CURRENT_PROJECT_VERSION = 1;
				ENABLE_APP_SANDBOX = YES;
				ENABLE_PREVIEWS = YES;
				ENABLE_USER_SELECTED_FILES = readonly;
				GENERATE_INFOPLIST_FILE = YES;
				"INFOPLIST_KEY_UIApplicationSceneManifest_Generation[sdk=iphoneos*]" = YES;
				"INFOPLIST_KEY_UIApplicationSceneManifest_Generation[sdk=iphonesimulator*]" = YES;
				"INFOPLIST_KEY_UIApplicationSupportsIndirectInputEvents[sdk=iphoneos*]" = YES;
				"INFOPLIST_KEY_UIApplicationSupportsIndirectInputEvents[sdk=iphonesimulator*]" = YES;
				"INFOPLIST_KEY_UILaunchScreen_Generation[sdk=iphoneos*]" = YES;
				"INFOPLIST_KEY_UILaunchScreen_Generation[sdk=iphonesimulator*]" = YES;
				"INFOPLIST_KEY_UIStatusBarStyle[sdk=iphoneos*]" = UIStatusBarStyleDefault;
				"INFOPLIST_KEY_UIStatusBarStyle[sdk=iphonesimulator*]" = UIStatusBarStyleDefault;
				INFOPLIST_KEY_UISupportedInterfaceOrientations_iPad = "UIInterfaceOrientationPortrait UIInterfaceOrientationPortraitUpsideDown UIInterfaceOrientationLandscapeLeft UIInterfaceOrientationLandscapeRight";
				INFOPLIST_KEY_UISupportedInterfaceOrientations_iPhone = "UIInterfaceOrientationPortrait UIInterfaceOrientationLandscapeLeft UIInterfaceOrientationLandscapeRight";
				IPHONEOS_DEPLOYMENT_TARGET = 26.0;
				LD_RUNPATH_SEARCH_PATHS = "@executable_path/Frameworks";
				"LD_RUNPATH_SEARCH_PATHS[sdk=macosx*]" = "@executable_path/../Frameworks";
				MACOSX_DEPLOYMENT_TARGET = 15.6;
				MARKETING_VERSION = 1.0;
				PRODUCT_BUNDLE_IDENTIFIER = example.com.FoodPanda;
				PRODUCT_NAME = "$(TARGET_NAME)";
				REGISTER_APP_GROUPS = YES;
				SDKROOT = auto;
				STRING_CATALOG_GENERATE_SYMBOLS = YES;
				SUPPORTED_PLATFORMS = "iphoneos iphonesimulator macosx xros xrsimulator";
				SWIFT_APPROACHABLE_CONCURRENCY = YES;
				SWIFT_DEFAULT_ACTOR_ISOLATION = MainActor;
				SWIFT_EMIT_LOC_STRINGS = YES;
				SWIFT_UPCOMING_FEATURE_MEMBER_IMPORT_VISIBILITY = YES;
				SWIFT_VERSION = 5.0;
				TARGETED_DEVICE_FAMILY = "1,2,7";
				XROS_DEPLOYMENT_TARGET = 26.0;
			};
			name = Release;
		};
		B755BF562EED018C00C9EDAD /* Debug */ = {
			isa = XCBuildConfiguration;
			buildSettings = {
				BUNDLE_LOADER = "$(TEST_HOST)";
				CODE_SIGN_STYLE = Automatic;
				CURRENT_PROJECT_VERSION = 1;
				GENERATE_INFOPLIST_FILE = YES;
				MARKETING_VERSION = 1.0;
				PRODUCT_BUNDLE_IDENTIFIER = example.com.FoodPandaTests;
				PRODUCT_NAME = "$(TARGET_NAME)";
				SDKROOT = xros;
				STRING_CATALOG_GENERATE_SYMBOLS = NO;
				SUPPORTED_PLATFORMS = "xros xrsimulator";
				SWIFT_APPROACHABLE_CONCURRENCY = YES;
				SWIFT_EMIT_LOC_STRINGS = NO;
				SWIFT_UPCOMING_FEATURE_MEMBER_IMPORT_VISIBILITY = YES;
				SWIFT_VERSION = 5.0;
				TARGETED_DEVICE_FAMILY = 7;
				TEST_HOST = "$(BUILT_PRODUCTS_DIR)/FoodPanda.app/$(BUNDLE_EXECUTABLE_FOLDER_PATH)/FoodPanda";
				XROS_DEPLOYMENT_TARGET = 26.0;
			};
			name = Debug;
		};
		B755BF572EED018C00C9EDAD /* Release */ = {
			isa = XCBuildConfiguration;
			buildSettings = {
				BUNDLE_LOADER = "$(TEST_HOST)";
				CODE_SIGN_STYLE = Automatic;
				CURRENT_PROJECT_VERSION = 1;
				GENERATE_INFOPLIST_FILE = YES;
				MARKETING_VERSION = 1.0;
				PRODUCT_BUNDLE_IDENTIFIER = example.com.FoodPandaTests;
				PRODUCT_NAME = "$(TARGET_NAME)";
				SDKROOT = xros;
				STRING_CATALOG_GENERATE_SYMBOLS = NO;
				SUPPORTED_PLATFORMS = "xros xrsimulator";
				SWIFT_APPROACHABLE_CONCURRENCY = YES;
				SWIFT_EMIT_LOC_STRINGS = NO;
				SWIFT_UPCOMING_FEATURE_MEMBER_IMPORT_VISIBILITY = YES;
				SWIFT_VERSION = 5.0;
				TARGETED_DEVICE_FAMILY = 7;
				TEST_HOST = "$(BUILT_PRODUCTS_DIR)/FoodPanda.app/$(BUNDLE_EXECUTABLE_FOLDER_PATH)/FoodPanda";
				VALIDATE_PRODUCT = YES;
				XROS_DEPLOYMENT_TARGET = 26.0;
			};
			name = Release;
		};
/* End XCBuildConfiguration section */

/* Begin XCConfigurationList section */
		B755BF122EEC9E6800C9EDAD /* Build configuration list for PBXProject "FoodPanda" */ = {
			isa = XCConfigurationList;
			buildConfigurations = (
				B755BF202EEC9E6900C9EDAD /* Debug */,
				B755BF212EEC9E6900C9EDAD /* Release */,
			);
			defaultConfigurationIsVisible = 0;
			defaultConfigurationName = Release;
		};
		B755BF222EEC9E6900C9EDAD /* Build configuration list for PBXNativeTarget "FoodPanda" */ = {
			isa = XCConfigurationList;
			buildConfigurations = (
				B755BF232EEC9E6900C9EDAD /* Debug */,
				B755BF242EEC9E6900C9EDAD /* Release */,
			);
			defaultConfigurationIsVisible = 0;
			defaultConfigurationName = Release;
		};
		B755BF552EED018C00C9EDAD /* Build configuration list for PBXNativeTarget "FoodPandaTests" */ = {
			isa = XCConfigurationList;
			buildConfigurations = (
				B755BF562EED018C00C9EDAD /* Debug */,
				B755BF572EED018C00C9EDAD /* Release */,
			);
			defaultConfigurationIsVisible = 0;
			defaultConfigurationName = Release;
		};
/* End XCConfigurationList section */
	};
	rootObject = B755BF0F2EEC9E6800C9EDAD /* Project object */;
}
